// !$*UTF8*$!
{
	archiveVersion = 1;
	classes = {
	};
	objectVersion = 48;
	objects = {

/* Begin PBXBuildFile section */
		770AC9BE20A99DAF0007FD1D /* Messenger.xcdatamodeld in Sources */ = {isa = PBXBuildFile; fileRef = 770AC9BC20A99DAE0007FD1D /* Messenger.xcdatamodeld */; };
		773A7AEE20B2911D00B5DE40 /* Assets.xcassets in Resources */ = {isa = PBXBuildFile; fileRef = 773A7AED20B2911C00B5DE40 /* Assets.xcassets */; };
		77FA9A8820A55A160070F911 /* DialogsViewCell.swift in Sources */ = {isa = PBXBuildFile; fileRef = 77FA9A8720A55A160070F911 /* DialogsViewCell.swift */; };
		77FA9A8A20A593140070F911 /* CurrentDialogsViewController.swift in Sources */ = {isa = PBXBuildFile; fileRef = 77FA9A8920A593140070F911 /* CurrentDialogsViewController.swift */; };
		77FA9A8C20A5D42B0070F911 /* ExtCurrentDialogViewController.swift in Sources */ = {isa = PBXBuildFile; fileRef = 77FA9A8B20A5D42B0070F911 /* ExtCurrentDialogViewController.swift */; };
		77FA9A9020A6D2FD0070F911 /* CurrentDialogViewCell.swift in Sources */ = {isa = PBXBuildFile; fileRef = 77FA9A8F20A6D2FD0070F911 /* CurrentDialogViewCell.swift */; };
		77FA9A9220A8074C0070F911 /* DatabaseManager.swift in Sources */ = {isa = PBXBuildFile; fileRef = 77FA9A9120A8074C0070F911 /* DatabaseManager.swift */; };
		77FA9AA920A828A30070F911 /* User+CoreDataClass.swift in Sources */ = {isa = PBXBuildFile; fileRef = 77FA9AA520A828A30070F911 /* User+CoreDataClass.swift */; };
		77FA9AAA20A828A30070F911 /* User+CoreDataProperties.swift in Sources */ = {isa = PBXBuildFile; fileRef = 77FA9AA620A828A30070F911 /* User+CoreDataProperties.swift */; };
		77FA9AAB20A828A30070F911 /* Message+CoreDataClass.swift in Sources */ = {isa = PBXBuildFile; fileRef = 77FA9AA720A828A30070F911 /* Message+CoreDataClass.swift */; };
		77FA9AAC20A828A30070F911 /* Message+CoreDataProperties.swift in Sources */ = {isa = PBXBuildFile; fileRef = 77FA9AA820A828A30070F911 /* Message+CoreDataProperties.swift */; };
		77FCB82120A43DC80051A9C7 /* AppDelegate.swift in Sources */ = {isa = PBXBuildFile; fileRef = 77FCB82020A43DC80051A9C7 /* AppDelegate.swift */; };
		77FCB82320A43DC80051A9C7 /* ViewController.swift in Sources */ = {isa = PBXBuildFile; fileRef = 77FCB82220A43DC80051A9C7 /* ViewController.swift */; };
		77FCB82620A43DC80051A9C7 /* Main.storyboard in Resources */ = {isa = PBXBuildFile; fileRef = 77FCB82420A43DC80051A9C7 /* Main.storyboard */; };
		77FCB82E20A43DC80051A9C7 /* LaunchScreen.storyboard in Resources */ = {isa = PBXBuildFile; fileRef = 77FCB82C20A43DC80051A9C7 /* LaunchScreen.storyboard */; };
		77FCB83820A43E400051A9C7 /* Техническое задание.txt in Resources */ = {isa = PBXBuildFile; fileRef = 77FCB83620A43E400051A9C7 /* Техническое задание.txt */; };
		77FCB83920A43E400051A9C7 /* Настройки экранов.txt in Resources */ = {isa = PBXBuildFile; fileRef = 77FCB83720A43E400051A9C7 /* Настройки экранов.txt */; };
		77FCB83B20A441B50051A9C7 /* StartViewController.swift in Sources */ = {isa = PBXBuildFile; fileRef = 77FCB83A20A441B50051A9C7 /* StartViewController.swift */; };
		77FCB83D20A44A840051A9C7 /* Extentions.swift in Sources */ = {isa = PBXBuildFile; fileRef = 77FCB83C20A44A840051A9C7 /* Extentions.swift */; };
		77FCB84520A473190051A9C7 /* ExtViewController.swift in Sources */ = {isa = PBXBuildFile; fileRef = 77FCB84420A473190051A9C7 /* ExtViewController.swift */; };
/* End PBXBuildFile section */

/* Begin PBXFileReference section */
		770AC9BD20A99DAE0007FD1D /* Messenger.xcdatamodel */ = {isa = PBXFileReference; lastKnownFileType = wrapper.xcdatamodel; path = Messenger.xcdatamodel; sourceTree = "<group>"; };
		773A7AED20B2911C00B5DE40 /* Assets.xcassets */ = {isa = PBXFileReference; lastKnownFileType = folder.assetcatalog; path = Assets.xcassets; sourceTree = "<group>"; };
		77FA9A8720A55A160070F911 /* DialogsViewCell.swift */ = {isa = PBXFileReference; lastKnownFileType = sourcecode.swift; path = DialogsViewCell.swift; sourceTree = "<group>"; };
		77FA9A8920A593140070F911 /* CurrentDialogsViewController.swift */ = {isa = PBXFileReference; lastKnownFileType = sourcecode.swift; path = CurrentDialogsViewController.swift; sourceTree = "<group>"; };
		77FA9A8B20A5D42B0070F911 /* ExtCurrentDialogViewController.swift */ = {isa = PBXFileReference; lastKnownFileType = sourcecode.swift; path = ExtCurrentDialogViewController.swift; sourceTree = "<group>"; };
		77FA9A8F20A6D2FD0070F911 /* CurrentDialogViewCell.swift */ = {isa = PBXFileReference; lastKnownFileType = sourcecode.swift; path = CurrentDialogViewCell.swift; sourceTree = "<group>"; };
		77FA9A9120A8074C0070F911 /* DatabaseManager.swift */ = {isa = PBXFileReference; lastKnownFileType = sourcecode.swift; path = DatabaseManager.swift; sourceTree = "<group>"; };
		77FA9AA520A828A30070F911 /* User+CoreDataClass.swift */ = {isa = PBXFileReference; lastKnownFileType = sourcecode.swift; path = "User+CoreDataClass.swift"; sourceTree = "<group>"; };
		77FA9AA620A828A30070F911 /* User+CoreDataProperties.swift */ = {isa = PBXFileReference; lastKnownFileType = sourcecode.swift; path = "User+CoreDataProperties.swift"; sourceTree = "<group>"; };
		77FA9AA720A828A30070F911 /* Message+CoreDataClass.swift */ = {isa = PBXFileReference; lastKnownFileType = sourcecode.swift; path = "Message+CoreDataClass.swift"; sourceTree = "<group>"; };
		77FA9AA820A828A30070F911 /* Message+CoreDataProperties.swift */ = {isa = PBXFileReference; lastKnownFileType = sourcecode.swift; path = "Message+CoreDataProperties.swift"; sourceTree = "<group>"; };
		77FCB81D20A43DC80051A9C7 /* Messenger.app */ = {isa = PBXFileReference; explicitFileType = wrapper.application; includeInIndex = 0; path = Messenger.app; sourceTree = BUILT_PRODUCTS_DIR; };
		77FCB82020A43DC80051A9C7 /* AppDelegate.swift */ = {isa = PBXFileReference; lastKnownFileType = sourcecode.swift; path = AppDelegate.swift; sourceTree = "<group>"; };
		77FCB82220A43DC80051A9C7 /* ViewController.swift */ = {isa = PBXFileReference; lastKnownFileType = sourcecode.swift; path = ViewController.swift; sourceTree = "<group>"; };
		77FCB82520A43DC80051A9C7 /* Base */ = {isa = PBXFileReference; lastKnownFileType = file.storyboard; name = Base; path = Base.lproj/Main.storyboard; sourceTree = "<group>"; };
		77FCB82D20A43DC80051A9C7 /* Base */ = {isa = PBXFileReference; lastKnownFileType = file.storyboard; name = Base; path = Base.lproj/LaunchScreen.storyboard; sourceTree = "<group>"; };
		77FCB82F20A43DC80051A9C7 /* Info.plist */ = {isa = PBXFileReference; lastKnownFileType = text.plist.xml; path = Info.plist; sourceTree = "<group>"; };
		77FCB83620A43E400051A9C7 /* Техническое задание.txt */ = {isa = PBXFileReference; fileEncoding = 4; lastKnownFileType = text; name = "Техническое задание.txt"; path = "../../../../../Downloads/Тестовое задание/Техническое задание.txt"; sourceTree = "<group>"; };
		77FCB83720A43E400051A9C7 /* Настройки экранов.txt */ = {isa = PBXFileReference; fileEncoding = 4; lastKnownFileType = text; name = "Настройки экранов.txt"; path = "../../../../../Downloads/Тестовое задание/Настройки экранов.txt"; sourceTree = "<group>"; };
		77FCB83A20A441B50051A9C7 /* StartViewController.swift */ = {isa = PBXFileReference; lastKnownFileType = sourcecode.swift; path = StartViewController.swift; sourceTree = "<group>"; };
		77FCB83C20A44A840051A9C7 /* Extentions.swift */ = {isa = PBXFileReference; lastKnownFileType = sourcecode.swift; path = Extentions.swift; sourceTree = "<group>"; };
		77FCB84420A473190051A9C7 /* ExtViewController.swift */ = {isa = PBXFileReference; lastKnownFileType = sourcecode.swift; path = ExtViewController.swift; sourceTree = "<group>"; };
/* End PBXFileReference section */

/* Begin PBXFrameworksBuildPhase section */
		77FCB81A20A43DC80051A9C7 /* Frameworks */ = {
			isa = PBXFrameworksBuildPhase;
			buildActionMask = 2147483647;
			files = (
			);
			runOnlyForDeploymentPostprocessing = 0;
		};
/* End PBXFrameworksBuildPhase section */

/* Begin PBXGroup section */
		77FA9A8D20A5E7950070F911 /* Extention */ = {
			isa = PBXGroup;
			children = (
				77FCB84420A473190051A9C7 /* ExtViewController.swift */,
				77FA9A8B20A5D42B0070F911 /* ExtCurrentDialogViewController.swift */,
			);
			path = Extention;
			sourceTree = "<group>";
		};
		77FA9A8E20A5E7B10070F911 /* Cells */ = {
			isa = PBXGroup;
			children = (
				77FA9A8720A55A160070F911 /* DialogsViewCell.swift */,
				77FA9A8F20A6D2FD0070F911 /* CurrentDialogViewCell.swift */,
			);
			path = Cells;
			sourceTree = "<group>";
		};
		77FCB81420A43DC70051A9C7 = {
			isa = PBXGroup;
			children = (
				77FCB81F20A43DC80051A9C7 /* Messenger */,
				77FCB81E20A43DC80051A9C7 /* Products */,
			);
			sourceTree = "<group>";
		};
		77FCB81E20A43DC80051A9C7 /* Products */ = {
			isa = PBXGroup;
			children = (
				77FCB81D20A43DC80051A9C7 /* Messenger.app */,
			);
			name = Products;
			sourceTree = "<group>";
		};
		77FCB81F20A43DC80051A9C7 /* Messenger */ = {
			isa = PBXGroup;
			children = (
				77FCB83520A43E250051A9C7 /* Docs */,
				77FCB82020A43DC80051A9C7 /* AppDelegate.swift */,
				77FA9A9120A8074C0070F911 /* DatabaseManager.swift */,
				77FA9A8E20A5E7B10070F911 /* Cells */,
				77FA9A8D20A5E7950070F911 /* Extention */,
				77FCB83E20A46D8D0051A9C7 /* ViewControllers */,
				77FCB83C20A44A840051A9C7 /* Extentions.swift */,
				77FCB84320A46EA90051A9C7 /* Model */,
				77FCB82420A43DC80051A9C7 /* Main.storyboard */,
				773A7AED20B2911C00B5DE40 /* Assets.xcassets */,
				770AC9BC20A99DAE0007FD1D /* Messenger.xcdatamodeld */,
				77FCB82C20A43DC80051A9C7 /* LaunchScreen.storyboard */,
				77FCB82F20A43DC80051A9C7 /* Info.plist */,
			);
			path = Messenger;
			sourceTree = "<group>";
		};
		77FCB83520A43E250051A9C7 /* Docs */ = {
			isa = PBXGroup;
			children = (
				77FCB83720A43E400051A9C7 /* Настройки экранов.txt */,
				77FCB83620A43E400051A9C7 /* Техническое задание.txt */,
			);
			path = Docs;
			sourceTree = "<group>";
		};
		77FCB83E20A46D8D0051A9C7 /* ViewControllers */ = {
			isa = PBXGroup;
			children = (
				77FCB83A20A441B50051A9C7 /* StartViewController.swift */,
				77FCB82220A43DC80051A9C7 /* ViewController.swift */,
				77FA9A8920A593140070F911 /* CurrentDialogsViewController.swift */,
			);
			path = ViewControllers;
			sourceTree = "<group>";
		};
		77FCB84320A46EA90051A9C7 /* Model */ = {
			isa = PBXGroup;
			children = (
				77FA9AA520A828A30070F911 /* User+CoreDataClass.swift */,
				77FA9AA620A828A30070F911 /* User+CoreDataProperties.swift */,
				77FA9AA720A828A30070F911 /* Message+CoreDataClass.swift */,
				77FA9AA820A828A30070F911 /* Message+CoreDataProperties.swift */,
			);
			path = Model;
			sourceTree = "<group>";
		};
/* End PBXGroup section */

/* Begin PBXNativeTarget section */
		77FCB81C20A43DC80051A9C7 /* Messenger */ = {
			isa = PBXNativeTarget;
			buildConfigurationList = 77FCB83220A43DC80051A9C7 /* Build configuration list for PBXNativeTarget "Messenger" */;
			buildPhases = (
				77FCB81920A43DC80051A9C7 /* Sources */,
				77FCB81A20A43DC80051A9C7 /* Frameworks */,
				77FCB81B20A43DC80051A9C7 /* Resources */,
			);
			buildRules = (
			);
			dependencies = (
			);
			name = Messenger;
			productName = Messenger;
			productReference = 77FCB81D20A43DC80051A9C7 /* Messenger.app */;
			productType = "com.apple.product-type.application";
		};
/* End PBXNativeTarget section */

/* Begin PBXProject section */
		77FCB81520A43DC70051A9C7 /* Project object */ = {
			isa = PBXProject;
			attributes = {
				LastSwiftUpdateCheck = 0920;
				LastUpgradeCheck = 0920;
				ORGANIZATIONNAME = "Pavel Burdukovskii";
				TargetAttributes = {
					77FCB81C20A43DC80051A9C7 = {
						CreatedOnToolsVersion = 9.2;
						ProvisioningStyle = Automatic;
					};
				};
			};
			buildConfigurationList = 77FCB81820A43DC70051A9C7 /* Build configuration list for PBXProject "Messenger" */;
			compatibilityVersion = "Xcode 8.0";
			developmentRegion = en;
			hasScannedForEncodings = 0;
			knownRegions = (
				en,
				Base,
			);
			mainGroup = 77FCB81420A43DC70051A9C7;
			productRefGroup = 77FCB81E20A43DC80051A9C7 /* Products */;
			projectDirPath = "";
			projectRoot = "";
			targets = (
				77FCB81C20A43DC80051A9C7 /* Messenger */,
			);
		};
/* End PBXProject section */

/* Begin PBXResourcesBuildPhase section */
		77FCB81B20A43DC80051A9C7 /* Resources */ = {
			isa = PBXResourcesBuildPhase;
			buildActionMask = 2147483647;
			files = (
				77FCB82E20A43DC80051A9C7 /* LaunchScreen.storyboard in Resources */,
				77FCB83820A43E400051A9C7 /* Техническое задание.txt in Resources */,
				77FCB83920A43E400051A9C7 /* Настройки экранов.txt in Resources */,
				77FCB82620A43DC80051A9C7 /* Main.storyboard in Resources */,
				773A7AEE20B2911D00B5DE40 /* Assets.xcassets in Resources */,
			);
			runOnlyForDeploymentPostprocessing = 0;
		};
/* End PBXResourcesBuildPhase section */

/* Begin PBXSourcesBuildPhase section */
		77FCB81920A43DC80051A9C7 /* Sources */ = {
			isa = PBXSourcesBuildPhase;
			buildActionMask = 2147483647;
			files = (
				77FA9A8A20A593140070F911 /* CurrentDialogsViewController.swift in Sources */,
				77FCB82320A43DC80051A9C7 /* ViewController.swift in Sources */,
				77FA9A9220A8074C0070F911 /* DatabaseManager.swift in Sources */,
				77FCB83B20A441B50051A9C7 /* StartViewController.swift in Sources */,
				77FCB84520A473190051A9C7 /* ExtViewController.swift in Sources */,
				77FA9A8820A55A160070F911 /* DialogsViewCell.swift in Sources */,
				77FA9AA920A828A30070F911 /* User+CoreDataClass.swift in Sources */,
				77FA9A8C20A5D42B0070F911 /* ExtCurrentDialogViewController.swift in Sources */,
				77FA9AAA20A828A30070F911 /* User+CoreDataProperties.swift in Sources */,
				770AC9BE20A99DAF0007FD1D /* Messenger.xcdatamodeld in Sources */,
				77FCB83D20A44A840051A9C7 /* Extentions.swift in Sources */,
				77FA9AAC20A828A30070F911 /* Message+CoreDataProperties.swift in Sources */,
				77FCB82120A43DC80051A9C7 /* AppDelegate.swift in Sources */,
				77FA9A9020A6D2FD0070F911 /* CurrentDialogViewCell.swift in Sources */,
				77FA9AAB20A828A30070F911 /* Message+CoreDataClass.swift in Sources */,
			);
			runOnlyForDeploymentPostprocessing = 0;
		};
/* End PBXSourcesBuildPhase section */

/* Begin PBXVariantGroup section */
		77FCB82420A43DC80051A9C7 /* Main.storyboard */ = {
			isa = PBXVariantGroup;
			children = (
				77FCB82520A43DC80051A9C7 /* Base */,
			);
			name = Main.storyboard;
			sourceTree = "<group>";
		};
		77FCB82C20A43DC80051A9C7 /* LaunchScreen.storyboard */ = {
			isa = PBXVariantGroup;
			children = (
				77FCB82D20A43DC80051A9C7 /* Base */,
			);
			name = LaunchScreen.storyboard;
			sourceTree = "<group>";
		};
/* End PBXVariantGroup section */

/* Begin XCBuildConfiguration section */
		77FCB83020A43DC80051A9C7 /* Debug */ = {
			isa = XCBuildConfiguration;
			buildSettings = {
				ALWAYS_SEARCH_USER_PATHS = NO;
				CLANG_ANALYZER_NONNULL = YES;
				CLANG_ANALYZER_NUMBER_OBJECT_CONVERSION = YES_AGGRESSIVE;
				CLANG_CXX_LANGUAGE_STANDARD = "gnu++14";
				CLANG_CXX_LIBRARY = "libc++";
				CLANG_ENABLE_MODULES = YES;
				CLANG_ENABLE_OBJC_ARC = YES;
				CLANG_WARN_BLOCK_CAPTURE_AUTORELEASING = YES;
				CLANG_WARN_BOOL_CONVERSION = YES;
				CLANG_WARN_COMMA = YES;
				CLANG_WARN_CONSTANT_CONVERSION = YES;
				CLANG_WARN_DIRECT_OBJC_ISA_USAGE = YES_ERROR;
				CLANG_WARN_DOCUMENTATION_COMMENTS = YES;
				CLANG_WARN_EMPTY_BODY = YES;
				CLANG_WARN_ENUM_CONVERSION = YES;
				CLANG_WARN_INFINITE_RECURSION = YES;
				CLANG_WARN_INT_CONVERSION = YES;
				CLANG_WARN_NON_LITERAL_NULL_CONVERSION = YES;
				CLANG_WARN_OBJC_LITERAL_CONVERSION = YES;
				CLANG_WARN_OBJC_ROOT_CLASS = YES_ERROR;
				CLANG_WARN_RANGE_LOOP_ANALYSIS = YES;
				CLANG_WARN_STRICT_PROTOTYPES = YES;
				CLANG_WARN_SUSPICIOUS_MOVE = YES;
				CLANG_WARN_UNGUARDED_AVAILABILITY = YES_AGGRESSIVE;
				CLANG_WARN_UNREACHABLE_CODE = YES;
				CLANG_WARN__DUPLICATE_METHOD_MATCH = YES;
				CODE_SIGN_IDENTITY = "iPhone Developer";
				COPY_PHASE_STRIP = NO;
				DEBUG_INFORMATION_FORMAT = dwarf;
				ENABLE_STRICT_OBJC_MSGSEND = YES;
				ENABLE_TESTABILITY = YES;
				GCC_C_LANGUAGE_STANDARD = gnu11;
				GCC_DYNAMIC_NO_PIC = NO;
				GCC_NO_COMMON_BLOCKS = YES;
				GCC_OPTIMIZATION_LEVEL = 0;
				GCC_PREPROCESSOR_DEFINITIONS = (
					"DEBUG=1",
					"$(inherited)",
				);
				GCC_WARN_64_TO_32_BIT_CONVERSION = YES;
				GCC_WARN_ABOUT_RETURN_TYPE = YES_ERROR;
				GCC_WARN_UNDECLARED_SELECTOR = YES;
				GCC_WARN_UNINITIALIZED_AUTOS = YES_AGGRESSIVE;
				GCC_WARN_UNUSED_FUNCTION = YES;
				GCC_WARN_UNUSED_VARIABLE = YES;
				IPHONEOS_DEPLOYMENT_TARGET = 11.2;
				MTL_ENABLE_DEBUG_INFO = YES;
				ONLY_ACTIVE_ARCH = YES;
				SDKROOT = iphoneos;
				SWIFT_ACTIVE_COMPILATION_CONDITIONS = DEBUG;
				SWIFT_OPTIMIZATION_LEVEL = "-Onone";
			};
			name = Debug;
		};
		77FCB83120A43DC80051A9C7 /* Release */ = {
			isa = XCBuildConfiguration;
			buildSettings = {
				ALWAYS_SEARCH_USER_PATHS = NO;
				CLANG_ANALYZER_NONNULL = YES;
				CLANG_ANALYZER_NUMBER_OBJECT_CONVERSION = YES_AGGRESSIVE;
				CLANG_CXX_LANGUAGE_STANDARD = "gnu++14";
				CLANG_CXX_LIBRARY = "libc++";
				CLANG_ENABLE_MODULES = YES;
				CLANG_ENABLE_OBJC_ARC = YES;
				CLANG_WARN_BLOCK_CAPTURE_AUTORELEASING = YES;
				CLANG_WARN_BOOL_CONVERSION = YES;
				CLANG_WARN_COMMA = YES;
				CLANG_WARN_CONSTANT_CONVERSION = YES;
				CLANG_WARN_DIRECT_OBJC_ISA_USAGE = YES_ERROR;
				CLANG_WARN_DOCUMENTATION_COMMENTS = YES;
				CLANG_WARN_EMPTY_BODY = YES;
				CLANG_WARN_ENUM_CONVERSION = YES;
				CLANG_WARN_INFINITE_RECURSION = YES;
				CLANG_WARN_INT_CONVERSION = YES;
				CLANG_WARN_NON_LITERAL_NULL_CONVERSION = YES;
				CLANG_WARN_OBJC_LITERAL_CONVERSION = YES;
				CLANG_WARN_OBJC_ROOT_CLASS = YES_ERROR;
				CLANG_WARN_RANGE_LOOP_ANALYSIS = YES;
				CLANG_WARN_STRICT_PROTOTYPES = YES;
				CLANG_WARN_SUSPICIOUS_MOVE = YES;
				CLANG_WARN_UNGUARDED_AVAILABILITY = YES_AGGRESSIVE;
				CLANG_WARN_UNREACHABLE_CODE = YES;
				CLANG_WARN__DUPLICATE_METHOD_MATCH = YES;
				CODE_SIGN_IDENTITY = "iPhone Developer";
				COPY_PHASE_STRIP = NO;
				DEBUG_INFORMATION_FORMAT = "dwarf-with-dsym";
				ENABLE_NS_ASSERTIONS = NO;
				ENABLE_STRICT_OBJC_MSGSEND = YES;
				GCC_C_LANGUAGE_STANDARD = gnu11;
				GCC_NO_COMMON_BLOCKS = YES;
				GCC_WARN_64_TO_32_BIT_CONVERSION = YES;
				GCC_WARN_ABOUT_RETURN_TYPE = YES_ERROR;
				GCC_WARN_UNDECLARED_SELECTOR = YES;
				GCC_WARN_UNINITIALIZED_AUTOS = YES_AGGRESSIVE;
				GCC_WARN_UNUSED_FUNCTION = YES;
				GCC_WARN_UNUSED_VARIABLE = YES;
				IPHONEOS_DEPLOYMENT_TARGET = 11.2;
				MTL_ENABLE_DEBUG_INFO = NO;
				SDKROOT = iphoneos;
				SWIFT_OPTIMIZATION_LEVEL = "-Owholemodule";
				VALIDATE_PRODUCT = YES;
			};
			name = Release;
		};
		77FCB83320A43DC80051A9C7 /* Debug */ = {
			isa = XCBuildConfiguration;
			buildSettings = {
				ASSETCATALOG_COMPILER_APPICON_NAME = AppIcon;
				CODE_SIGN_STYLE = Automatic;
				DEVELOPMENT_TEAM = 6R6KJ6QT78;
				INFOPLIST_FILE = Messenger/Info.plist;
				IPHONEOS_DEPLOYMENT_TARGET = 9.0;
				LD_RUNPATH_SEARCH_PATHS = "$(inherited) @executable_path/Frameworks";
				PRODUCT_BUNDLE_IDENTIFIER = com.pavelburdukovskii.Messenger;
				PRODUCT_NAME = "$(TARGET_NAME)";
				SWIFT_VERSION = 4.0;
				TARGETED_DEVICE_FAMILY = "1,2";
			};
			name = Debug;
		};
		77FCB83420A43DC80051A9C7 /* Release */ = {
			isa = XCBuildConfiguration;
			buildSettings = {
				ASSETCATALOG_COMPILER_APPICON_NAME = AppIcon;
				CODE_SIGN_STYLE = Automatic;
				DEVELOPMENT_TEAM = 6R6KJ6QT78;
				INFOPLIST_FILE = Messenger/Info.plist;
				IPHONEOS_DEPLOYMENT_TARGET = 9.0;
				LD_RUNPATH_SEARCH_PATHS = "$(inherited) @executable_path/Frameworks";
				PRODUCT_BUNDLE_IDENTIFIER = com.pavelburdukovskii.Messenger;
				PRODUCT_NAME = "$(TARGET_NAME)";
				SWIFT_VERSION = 4.0;
				TARGETED_DEVICE_FAMILY = "1,2";
			};
			name = Release;
		};
/* End XCBuildConfiguration section */

/* Begin XCConfigurationList section */
		77FCB81820A43DC70051A9C7 /* Build configuration list for PBXProject "Messenger" */ = {
			isa = XCConfigurationList;
			buildConfigurations = (
				77FCB83020A43DC80051A9C7 /* Debug */,
				77FCB83120A43DC80051A9C7 /* Release */,
			);
			defaultConfigurationIsVisible = 0;
			defaultConfigurationName = Release;
		};
		77FCB83220A43DC80051A9C7 /* Build configuration list for PBXNativeTarget "Messenger" */ = {
			isa = XCConfigurationList;
			buildConfigurations = (
				77FCB83320A43DC80051A9C7 /* Debug */,
				77FCB83420A43DC80051A9C7 /* Release */,
			);
			defaultConfigurationIsVisible = 0;
			defaultConfigurationName = Release;
		};
/* End XCConfigurationList section */

/* Begin XCVersionGroup section */
		770AC9BC20A99DAE0007FD1D /* Messenger.xcdatamodeld */ = {
			isa = XCVersionGroup;
			children = (
				770AC9BD20A99DAE0007FD1D /* Messenger.xcdatamodel */,
			);
			currentVersion = 770AC9BD20A99DAE0007FD1D /* Messenger.xcdatamodel */;
			path = Messenger.xcdatamodeld;
			sourceTree = "<group>";
			versionGroupType = wrapper.xcdatamodel;
		};
/* End XCVersionGroup section */
	};
	rootObject = 77FCB81520A43DC70051A9C7 /* Project object */;
}
